
Microsoft Visual Studio Solution File, Format Version 12.00
# Visual Studio Version 17
VisualStudioVersion = 17.4.33110.190
MinimumVisualStudioVersion = 10.0.40219.1
Project("{FAE04EC0-301F-11D3-BF4B-00C04F79EFBC}") = "apiproject8", "apiproject8\apiproject8.csproj", "{DCFE0390-F806-4FBF-980B-6F7F06156468}"
EndProject
Global
	GlobalSection(SolutionConfigurationPlatforms) = preSolution
		Debug|Any CPU = Debug|Any CPU
		Release|Any CPU = Release|Any CPU
	EndGlobalSection
	GlobalSection(ProjectConfigurationPlatforms) = postSolution
		{DCFE0390-F806-4FBF-980B-6F7F06156468}.Debug|Any CPU.ActiveCfg = Debug|Any CPU
		{DCFE0390-F806-4FBF-980B-6F7F06156468}.Debug|Any CPU.Build.0 = Debug|Any CPU
		{DCFE0390-F806-4FBF-980B-6F7F06156468}.Release|Any CPU.ActiveCfg = Release|Any CPU
		{DCFE0390-F806-4FBF-980B-6F7F06156468}.Release|Any CPU.Build.0 = Release|Any CPU
	EndGlobalSection
	GlobalSection(SolutionProperties) = preSolution
		HideSolutionNode = FALSE
	EndGlobalSection
	GlobalSection(ExtensibilityGlobals) = postSolution
		SolutionGuid = {3B9C40EC-0ABF-4956-9DF7-B2FD91FC5319}
	EndGlobalSection
EndGlobal
